
Microsoft Visual Studio Solution File, Format Version 12.00
Project("{FAE04EC0-301F-11D3-BF4B-00C04F79EFBC}") = "EasyOAuth2.0", "EasyOAuth2.0\EasyOAuth2.0.csproj", "{92FF6876-3AA8-486E-BD00-477A2E995E7C}"
EndProject
Global
	GlobalSection(SolutionConfigurationPlatforms) = preSolution
		Debug|Any CPU = Debug|Any CPU
		Release|Any CPU = Release|Any CPU
	EndGlobalSection
	GlobalSection(ProjectConfigurationPlatforms) = postSolution
		{92FF6876-3AA8-486E-BD00-477A2E995E7C}.Debug|Any CPU.ActiveCfg = Debug|Any CPU
		{92FF6876-3AA8-486E-BD00-477A2E995E7C}.Debug|Any CPU.Build.0 = Debug|Any CPU
		{92FF6876-3AA8-486E-BD00-477A2E995E7C}.Release|Any CPU.ActiveCfg = Release|Any CPU
		{92FF6876-3AA8-486E-BD00-477A2E995E7C}.Release|Any CPU.Build.0 = Release|Any CPU
	EndGlobalSection
EndGlobal
